
Microsoft Visual Studio Solution File, Format Version 12.00
# Visual Studio Version 16
VisualStudioVersion = 16.0.31729.503
MinimumVisualStudioVersion = 10.0.40219.1
Project("{FAE04EC0-301F-11D3-BF4B-00C04F79EFBC}") = "ByteBank_Heranca_E_Interface", "ByteBank_Heranca_E_Interface\ByteBank_Heranca_E_Interface.csproj", "{58489C88-DD80-4F5B-B8AD-82CDBD77353E}"
EndProject
Global
	GlobalSection(SolutionConfigurationPlatforms) = preSolution
		Debug|Any CPU = Debug|Any CPU
		Release|Any CPU = Release|Any CPU
	EndGlobalSection
	GlobalSection(ProjectConfigurationPlatforms) = postSolution
		{58489C88-DD80-4F5B-B8AD-82CDBD77353E}.Debug|Any CPU.ActiveCfg = Debug|Any CPU
		{58489C88-DD80-4F5B-B8AD-82CDBD77353E}.Debug|Any CPU.Build.0 = Debug|Any CPU
		{58489C88-DD80-4F5B-B8AD-82CDBD77353E}.Release|Any CPU.ActiveCfg = Release|Any CPU
		{58489C88-DD80-4F5B-B8AD-82CDBD77353E}.Release|Any CPU.Build.0 = Release|Any CPU
	EndGlobalSection
	GlobalSection(SolutionProperties) = preSolution
		HideSolutionNode = FALSE
	EndGlobalSection
	GlobalSection(ExtensibilityGlobals) = postSolution
		SolutionGuid = {896427BB-D383-4407-8F1D-B217B2A7FFF8}
	EndGlobalSection
EndGlobal
