
Microsoft Visual Studio Solution File, Format Version 12.00
# Visual Studio Version 16
VisualStudioVersion = 16.0.31729.503
MinimumVisualStudioVersion = 10.0.40219.1
Project("{FAE04EC0-301F-11D3-BF4B-00C04F79EFBC}") = "ByteBank", "ByteBank\ByteBank.csproj", "{080F47B2-75A0-4E2C-8AF4-DAE0A9B217FD}"
EndProject
Global
	GlobalSection(SolutionConfigurationPlatforms) = preSolution
		Debug|Any CPU = Debug|Any CPU
		Release|Any CPU = Release|Any CPU
	EndGlobalSection
	GlobalSection(ProjectConfigurationPlatforms) = postSolution
		{080F47B2-75A0-4E2C-8AF4-DAE0A9B217FD}.Debug|Any CPU.ActiveCfg = Debug|Any CPU
		{080F47B2-75A0-4E2C-8AF4-DAE0A9B217FD}.Debug|Any CPU.Build.0 = Debug|Any CPU
		{080F47B2-75A0-4E2C-8AF4-DAE0A9B217FD}.Release|Any CPU.ActiveCfg = Release|Any CPU
		{080F47B2-75A0-4E2C-8AF4-DAE0A9B217FD}.Release|Any CPU.Build.0 = Release|Any CPU
	EndGlobalSection
	GlobalSection(SolutionProperties) = preSolution
		HideSolutionNode = FALSE
	EndGlobalSection
	GlobalSection(ExtensibilityGlobals) = postSolution
		SolutionGuid = {CB73CCF5-B972-4AEA-A898-3B3EB2E4BC43}
	EndGlobalSection
EndGlobal
