
Microsoft Visual Studio Solution File, Format Version 12.00
# Visual Studio Version 16
VisualStudioVersion = 16.0.31729.503
MinimumVisualStudioVersion = 10.0.40219.1
Project("{FAE04EC0-301F-11D3-BF4B-00C04F79EFBC}") = "ByteBank.SistemaAgencia", "ByteBank.SistemaAgencia\ByteBank.SistemaAgencia.csproj", "{5C939B66-F932-4042-8BBF-9893501070CD}"
EndProject
Project("{FAE04EC0-301F-11D3-BF4B-00C04F79EFBC}") = "ByteBank.Modelos", "ByteBank.Modelos\ByteBank.Modelos.csproj", "{B022B9EB-2465-4364-90B8-7A7FC7C2A32D}"
EndProject
Global
	GlobalSection(SolutionConfigurationPlatforms) = preSolution
		Debug|Any CPU = Debug|Any CPU
		Release|Any CPU = Release|Any CPU
	EndGlobalSection
	GlobalSection(ProjectConfigurationPlatforms) = postSolution
		{5C939B66-F932-4042-8BBF-9893501070CD}.Debug|Any CPU.ActiveCfg = Debug|Any CPU
		{5C939B66-F932-4042-8BBF-9893501070CD}.Debug|Any CPU.Build.0 = Debug|Any CPU
		{5C939B66-F932-4042-8BBF-9893501070CD}.Release|Any CPU.ActiveCfg = Release|Any CPU
		{5C939B66-F932-4042-8BBF-9893501070CD}.Release|Any CPU.Build.0 = Release|Any CPU
		{B022B9EB-2465-4364-90B8-7A7FC7C2A32D}.Debug|Any CPU.ActiveCfg = Debug|Any CPU
		{B022B9EB-2465-4364-90B8-7A7FC7C2A32D}.Debug|Any CPU.Build.0 = Debug|Any CPU
		{B022B9EB-2465-4364-90B8-7A7FC7C2A32D}.Release|Any CPU.ActiveCfg = Release|Any CPU
		{B022B9EB-2465-4364-90B8-7A7FC7C2A32D}.Release|Any CPU.Build.0 = Release|Any CPU
	EndGlobalSection
	GlobalSection(SolutionProperties) = preSolution
		HideSolutionNode = FALSE
	EndGlobalSection
	GlobalSection(ExtensibilityGlobals) = postSolution
		SolutionGuid = {72C68E67-F88D-4FD6-B7F1-F8C0AC7A6ADA}
	EndGlobalSection
EndGlobal
